
Microsoft Visual Studio Solution File, Format Version 12.00
Project("{FAE04EC0-301F-11D3-BF4B-00C04F79EFBC}") = "Atom.Application.Web", "Atom.Application.Web\Atom.Application.Web.csproj", "{9EFB1327-8B87-47BF-A73A-F8C74ACF342D}"
EndProject
Global
	GlobalSection(SolutionConfigurationPlatforms) = preSolution
		Debug|Any CPU = Debug|Any CPU
		Release|Any CPU = Release|Any CPU
	EndGlobalSection
	GlobalSection(ProjectConfigurationPlatforms) = postSolution
		{9EFB1327-8B87-47BF-A73A-F8C74ACF342D}.Debug|Any CPU.ActiveCfg = Debug|Any CPU
		{9EFB1327-8B87-47BF-A73A-F8C74ACF342D}.Debug|Any CPU.Build.0 = Debug|Any CPU
		{9EFB1327-8B87-47BF-A73A-F8C74ACF342D}.Release|Any CPU.ActiveCfg = Release|Any CPU
		{9EFB1327-8B87-47BF-A73A-F8C74ACF342D}.Release|Any CPU.Build.0 = Release|Any CPU
	EndGlobalSection
EndGlobal
